// !$*UTF8*$!
{
	archiveVersion = 1;
	classes = {
	};
	objectVersion = 46;
	objects = {

/* Begin PBXBuildFile section */
		FB0370421E6F838000F5432E /* AppDelegate.swift in Sources */ = {isa = PBXBuildFile; fileRef = FB0370411E6F838000F5432E /* AppDelegate.swift */; };
		FB0370441E6F838000F5432E /* ViewController.swift in Sources */ = {isa = PBXBuildFile; fileRef = FB0370431E6F838000F5432E /* ViewController.swift */; };
		FB0370471E6F838000F5432E /* Main.storyboard in Resources */ = {isa = PBXBuildFile; fileRef = FB0370451E6F838000F5432E /* Main.storyboard */; };
		FB0370491E6F838000F5432E /* Assets.xcassets in Resources */ = {isa = PBXBuildFile; fileRef = FB0370481E6F838000F5432E /* Assets.xcassets */; };
		FB03704C1E6F838000F5432E /* LaunchScreen.storyboard in Resources */ = {isa = PBXBuildFile; fileRef = FB03704A1E6F838000F5432E /* LaunchScreen.storyboard */; };
/* End PBXBuildFile section */

/* Begin PBXFileReference section */
		FB03703E1E6F838000F5432E /* Search Controller en IOS.app */ = {isa = PBXFileReference; explicitFileType = wrapper.application; includeInIndex = 0; path = "Search Controller en IOS.app"; sourceTree = BUILT_PRODUCTS_DIR; };
		FB0370411E6F838000F5432E /* AppDelegate.swift */ = {isa = PBXFileReference; lastKnownFileType = sourcecode.swift; path = AppDelegate.swift; sourceTree = "<group>"; };
		FB0370431E6F838000F5432E /* ViewController.swift */ = {isa = PBXFileReference; lastKnownFileType = sourcecode.swift; path = ViewController.swift; sourceTree = "<group>"; };
		FB0370461E6F838000F5432E /* Base */ = {isa = PBXFileReference; lastKnownFileType = file.storyboard; name = Base; path = Base.lproj/Main.storyboard; sourceTree = "<group>"; };
		FB0370481E6F838000F5432E /* Assets.xcassets */ = {isa = PBXFileReference; lastKnownFileType = folder.assetcatalog; path = Assets.xcassets; sourceTree = "<group>"; };
		FB03704B1E6F838000F5432E /* Base */ = {isa = PBXFileReference; lastKnownFileType = file.storyboard; name = Base; path = Base.lproj/LaunchScreen.storyboard; sourceTree = "<group>"; };
		FB03704D1E6F838000F5432E /* Info.plist */ = {isa = PBXFileReference; lastKnownFileType = text.plist.xml; path = Info.plist; sourceTree = "<group>"; };
/* End PBXFileReference section */

/* Begin PBXFrameworksBuildPhase section */
		FB03703B1E6F837F00F5432E /* Frameworks */ = {
			isa = PBXFrameworksBuildPhase;
			buildActionMask = 2147483647;
			files = (
			);
			runOnlyForDeploymentPostprocessing = 0;
		};
/* End PBXFrameworksBuildPhase section */

/* Begin PBXGroup section */
		FB0370351E6F837F00F5432E = {
			isa = PBXGroup;
			children = (
				FB0370401E6F838000F5432E /* Search Controller en IOS */,
				FB03703F1E6F838000F5432E /* Products */,
			);
			sourceTree = "<group>";
		};
		FB03703F1E6F838000F5432E /* Products */ = {
			isa = PBXGroup;
			children = (
				FB03703E1E6F838000F5432E /* Search Controller en IOS.app */,
			);
			name = Products;
			sourceTree = "<group>";
		};
		FB0370401E6F838000F5432E /* Search Controller en IOS */ = {
			isa = PBXGroup;
			children = (
				FB0370411E6F838000F5432E /* AppDelegate.swift */,
				FB0370431E6F838000F5432E /* ViewController.swift */,
				FB0370451E6F838000F5432E /* Main.storyboard */,
				FB0370481E6F838000F5432E /* Assets.xcassets */,
				FB03704A1E6F838000F5432E /* LaunchScreen.storyboard */,
				FB03704D1E6F838000F5432E /* Info.plist */,
			);
			path = "Search Controller en IOS";
			sourceTree = "<group>";
		};
/* End PBXGroup section */

/* Begin PBXNativeTarget section */
		FB03703D1E6F837F00F5432E /* Search Controller en IOS */ = {
			isa = PBXNativeTarget;
			buildConfigurationList = FB0370501E6F838000F5432E /* Build configuration list for PBXNativeTarget "Search Controller en IOS" */;
			buildPhases = (
				FB03703A1E6F837F00F5432E /* Sources */,
				FB03703B1E6F837F00F5432E /* Frameworks */,
				FB03703C1E6F837F00F5432E /* Resources */,
			);
			buildRules = (
			);
			dependencies = (
			);
			name = "Search Controller en IOS";
			productName = "Search Controller en IOS";
			productReference = FB03703E1E6F838000F5432E /* Search Controller en IOS.app */;
			productType = "com.apple.product-type.application";
		};
/* End PBXNativeTarget section */

/* Begin PBXProject section */
		FB0370361E6F837F00F5432E /* Project object */ = {
			isa = PBXProject;
			attributes = {
				LastSwiftUpdateCheck = 0800;
				LastUpgradeCheck = 0800;
				ORGANIZATIONNAME = "Jorge Luis Limo";
				TargetAttributes = {
					FB03703D1E6F837F00F5432E = {
						CreatedOnToolsVersion = 8.0;
						ProvisioningStyle = Automatic;
					};
				};
			};
			buildConfigurationList = FB0370391E6F837F00F5432E /* Build configuration list for PBXProject "Search Controller en IOS" */;
			compatibilityVersion = "Xcode 3.2";
			developmentRegion = English;
			hasScannedForEncodings = 0;
			knownRegions = (
				en,
				Base,
			);
			mainGroup = FB0370351E6F837F00F5432E;
			productRefGroup = FB03703F1E6F838000F5432E /* Products */;
			projectDirPath = "";
			projectRoot = "";
			targets = (
				FB03703D1E6F837F00F5432E /* Search Controller en IOS */,
			);
		};
/* End PBXProject section */

/* Begin PBXResourcesBuildPhase section */
		FB03703C1E6F837F00F5432E /* Resources */ = {
			isa = PBXResourcesBuildPhase;
			buildActionMask = 2147483647;
			files = (
				FB03704C1E6F838000F5432E /* LaunchScreen.storyboard in Resources */,
				FB0370491E6F838000F5432E /* Assets.xcassets in Resources */,
				FB0370471E6F838000F5432E /* Main.storyboard in Resources */,
			);
			runOnlyForDeploymentPostprocessing = 0;
		};
/* End PBXResourcesBuildPhase section */

/* Begin PBXSourcesBuildPhase section */
		FB03703A1E6F837F00F5432E /* Sources */ = {
			isa = PBXSourcesBuildPhase;
			buildActionMask = 2147483647;
			files = (
				FB0370441E6F838000F5432E /* ViewController.swift in Sources */,
				FB0370421E6F838000F5432E /* AppDelegate.swift in Sources */,
			);
			runOnlyForDeploymentPostprocessing = 0;
		};
/* End PBXSourcesBuildPhase section */

/* Begin PBXVariantGroup section */
		FB0370451E6F838000F5432E /* Main.storyboard */ = {
			isa = PBXVariantGroup;
			children = (
				FB0370461E6F838000F5432E /* Base */,
			);
			name = Main.storyboard;
			sourceTree = "<group>";
		};
		FB03704A1E6F838000F5432E /* LaunchScreen.storyboard */ = {
			isa = PBXVariantGroup;
			children = (
				FB03704B1E6F838000F5432E /* Base */,
			);
			name = LaunchScreen.storyboard;
			sourceTree = "<group>";
		};
/* End PBXVariantGroup section */

/* Begin XCBuildConfiguration section */
		FB03704E1E6F838000F5432E /* Debug */ = {
			isa = XCBuildConfiguration;
			buildSettings = {
				ALWAYS_SEARCH_USER_PATHS = NO;
				CLANG_ANALYZER_NONNULL = YES;
				CLANG_CXX_LANGUAGE_STANDARD = "gnu++0x";
				CLANG_CXX_LIBRARY = "libc++";
				CLANG_ENABLE_MODULES = YES;
				CLANG_ENABLE_OBJC_ARC = YES;
				CLANG_WARN_BOOL_CONVERSION = YES;
				CLANG_WARN_CONSTANT_CONVERSION = YES;
				CLANG_WARN_DIRECT_OBJC_ISA_USAGE = YES_ERROR;
				CLANG_WARN_DOCUMENTATION_COMMENTS = YES;
				CLANG_WARN_EMPTY_BODY = YES;
				CLANG_WARN_ENUM_CONVERSION = YES;
				CLANG_WARN_INFINITE_RECURSION = YES;
				CLANG_WARN_INT_CONVERSION = YES;
				CLANG_WARN_OBJC_ROOT_CLASS = YES_ERROR;
				CLANG_WARN_SUSPICIOUS_MOVES = YES;
				CLANG_WARN_UNREACHABLE_CODE = YES;
				CLANG_WARN__DUPLICATE_METHOD_MATCH = YES;
				"CODE_SIGN_IDENTITY[sdk=iphoneos*]" = "iPhone Developer";
				COPY_PHASE_STRIP = NO;
				DEBUG_INFORMATION_FORMAT = dwarf;
				ENABLE_STRICT_OBJC_MSGSEND = YES;
				ENABLE_TESTABILITY = YES;
				GCC_C_LANGUAGE_STANDARD = gnu99;
				GCC_DYNAMIC_NO_PIC = NO;
				GCC_NO_COMMON_BLOCKS = YES;
				GCC_OPTIMIZATION_LEVEL = 0;
				GCC_PREPROCESSOR_DEFINITIONS = (
					"DEBUG=1",
					"$(inherited)",
				);
				GCC_WARN_64_TO_32_BIT_CONVERSION = YES;
				GCC_WARN_ABOUT_RETURN_TYPE = YES_ERROR;
				GCC_WARN_UNDECLARED_SELECTOR = YES;
				GCC_WARN_UNINITIALIZED_AUTOS = YES_AGGRESSIVE;
				GCC_WARN_UNUSED_FUNCTION = YES;
				GCC_WARN_UNUSED_VARIABLE = YES;
				IPHONEOS_DEPLOYMENT_TARGET = 10.0;
				MTL_ENABLE_DEBUG_INFO = YES;
				ONLY_ACTIVE_ARCH = YES;
				SDKROOT = iphoneos;
				SWIFT_ACTIVE_COMPILATION_CONDITIONS = DEBUG;
				SWIFT_OPTIMIZATION_LEVEL = "-Onone";
				TARGETED_DEVICE_FAMILY = "1,2";
			};
			name = Debug;
		};
		FB03704F1E6F838000F5432E /* Release */ = {
			isa = XCBuildConfiguration;
			buildSettings = {
				ALWAYS_SEARCH_USER_PATHS = NO;
				CLANG_ANALYZER_NONNULL = YES;
				CLANG_CXX_LANGUAGE_STANDARD = "gnu++0x";
				CLANG_CXX_LIBRARY = "libc++";
				CLANG_ENABLE_MODULES = YES;
				CLANG_ENABLE_OBJC_ARC = YES;
				CLANG_WARN_BOOL_CONVERSION = YES;
				CLANG_WARN_CONSTANT_CONVERSION = YES;
				CLANG_WARN_DIRECT_OBJC_ISA_USAGE = YES_ERROR;
				CLANG_WARN_DOCUMENTATION_COMMENTS = YES;
				CLANG_WARN_EMPTY_BODY = YES;
				CLANG_WARN_ENUM_CONVERSION = YES;
				CLANG_WARN_INFINITE_RECURSION = YES;
				CLANG_WARN_INT_CONVERSION = YES;
				CLANG_WARN_OBJC_ROOT_CLASS = YES_ERROR;
				CLANG_WARN_SUSPICIOUS_MOVES = YES;
				CLANG_WARN_UNREACHABLE_CODE = YES;
				CLANG_WARN__DUPLICATE_METHOD_MATCH = YES;
				"CODE_SIGN_IDENTITY[sdk=iphoneos*]" = "iPhone Developer";
				COPY_PHASE_STRIP = NO;
				DEBUG_INFORMATION_FORMAT = "dwarf-with-dsym";
				ENABLE_NS_ASSERTIONS = NO;
				ENABLE_STRICT_OBJC_MSGSEND = YES;
				GCC_C_LANGUAGE_STANDARD = gnu99;
				GCC_NO_COMMON_BLOCKS = YES;
				GCC_WARN_64_TO_32_BIT_CONVERSION = YES;
				GCC_WARN_ABOUT_RETURN_TYPE = YES_ERROR;
				GCC_WARN_UNDECLARED_SELECTOR = YES;
				GCC_WARN_UNINITIALIZED_AUTOS = YES_AGGRESSIVE;
				GCC_WARN_UNUSED_FUNCTION = YES;
				GCC_WARN_UNUSED_VARIABLE = YES;
				IPHONEOS_DEPLOYMENT_TARGET = 10.0;
				MTL_ENABLE_DEBUG_INFO = NO;
				SDKROOT = iphoneos;
				SWIFT_OPTIMIZATION_LEVEL = "-Owholemodule";
				TARGETED_DEVICE_FAMILY = "1,2";
				VALIDATE_PRODUCT = YES;
			};
			name = Release;
		};
		FB0370511E6F838000F5432E /* Debug */ = {
			isa = XCBuildConfiguration;
			buildSettings = {
				ASSETCATALOG_COMPILER_APPICON_NAME = AppIcon;
				INFOPLIST_FILE = "Search Controller en IOS/Info.plist";
				LD_RUNPATH_SEARCH_PATHS = "$(inherited) @executable_path/Frameworks";
				PRODUCT_BUNDLE_IDENTIFIER = "pe.ourlimm.Search-Controller-en-IOS";
				PRODUCT_NAME = "$(TARGET_NAME)";
				SWIFT_VERSION = 3.0;
			};
			name = Debug;
		};
		FB0370521E6F838000F5432E /* Release */ = {
			isa = XCBuildConfiguration;
			buildSettings = {
				ASSETCATALOG_COMPILER_APPICON_NAME = AppIcon;
				INFOPLIST_FILE = "Search Controller en IOS/Info.plist";
				LD_RUNPATH_SEARCH_PATHS = "$(inherited) @executable_path/Frameworks";
				PRODUCT_BUNDLE_IDENTIFIER = "pe.ourlimm.Search-Controller-en-IOS";
				PRODUCT_NAME = "$(TARGET_NAME)";
				SWIFT_VERSION = 3.0;
			};
			name = Release;
		};
/* End XCBuildConfiguration section */

/* Begin XCConfigurationList section */
		FB0370391E6F837F00F5432E /* Build configuration list for PBXProject "Search Controller en IOS" */ = {
			isa = XCConfigurationList;
			buildConfigurations = (
				FB03704E1E6F838000F5432E /* Debug */,
				FB03704F1E6F838000F5432E /* Release */,
			);
			defaultConfigurationIsVisible = 0;
			defaultConfigurationName = Release;
		};
		FB0370501E6F838000F5432E /* Build configuration list for PBXNativeTarget "Search Controller en IOS" */ = {
			isa = XCConfigurationList;
			buildConfigurations = (
				FB0370511E6F838000F5432E /* Debug */,
				FB0370521E6F838000F5432E /* Release */,
			);
			defaultConfigurationIsVisible = 0;
		};
/* End XCConfigurationList section */
	};
	rootObject = FB0370361E6F837F00F5432E /* Project object */;
}
